{
  "requires": true,
  "lockfileVersion": 1,
  "dependencies": {
    "buffer-from": {
      "version": "1.1.1",
      "resolved": "https://registry.npmjs.org/buffer-from/-/buffer-from-1.1.1.tgz",
      "integrity": "sha512-MQcXEUbCKtEo7bhqEs6560Hyd4XaovZlO/k9V3hjVUF/zwW7KBVdSK4gIt/bzwS9MbR5qob+F5jusZsb0YQK2A=="
    },
    "camel-case": {
      "version": "4.1.2",
      "resolved": "https://registry.npmjs.org/camel-case/-/camel-case-4.1.2.tgz",
      "integrity": "sha512-gxGWBrTT1JuMx6R+o5PTXMmUnhnVzLQ9SNutD4YqKtI6ap897t3tKECYla6gCWEkplXnlNybEkZg9GEGxKFCgw==",
      "requires": {
        "pascal-case": "^3.1.2",
        "tslib": "^2.0.3"
      },
      "dependencies": {
        "tslib": {
          "version": "2.0.3",
          "resolved": "https://registry.npmjs.org/tslib/-/tslib-2.0.3.tgz",
          "integrity": "sha512-uZtkfKblCEQtZKBF6EBXVZeQNl82yqtDQdv+eck8u7tdPxjLu2/lp5/uPW+um2tpuxINHWy3GhiccY7QgEaVHQ=="
        }
      }
    },
    "clean-css": {
      "version": "4.2.3",
      "resolved": "https://registry.npmjs.org/clean-css/-/clean-css-4.2.3.tgz",
      "integrity": "sha512-VcMWDN54ZN/DS+g58HYL5/n4Zrqe8vHJpGA8KdgUXFU4fuP/aHNw8eld9SyEIyabIMJX/0RaY/fplOo5hYLSFA==",
      "requires": {
        "source-map": "~0.6.0"
      }
    },
    "commander": {
      "version": "4.1.1",
      "resolved": "https://registry.npmjs.org/commander/-/commander-4.1.1.tgz",
      "integrity": "sha512-NOKm8xhkzAjzFx8B2v5OAHT+u5pRQc2UCa2Vq9jYL/31o2wi9mxBA7LIFs3sV5VSC49z6pEhfbMULvShKj26WA=="
    },
    "copy-anything": {
      "version": "2.0.1",
      "resolved": "https://registry.npmjs.org/copy-anything/-/copy-anything-2.0.1.tgz",
      "integrity": "sha512-lA57e7viQHOdPQcrytv5jFeudZZOXuyk47lZym279FiDQ8jeZomXiGuVf6ffMKkJ+3TIai3J1J3yi6M+/4U35g==",
      "requires": {
        "is-what": "^3.7.1"
      }
    },
    "css-b64-images": {
      "version": "0.2.5",
      "resolved": "https://registry.npmjs.org/css-b64-images/-/css-b64-images-0.2.5.tgz",
      "integrity": "sha1-QgBdgyBLK0pdk7axpWRBM7WSegI="
    },
    "debug": {
      "version": "4.3.1",
      "resolved": "https://registry.npmjs.org/debug/-/debug-4.3.1.tgz",
      "integrity": "sha512-doEwdvm4PCeK4K3RQN2ZC2BYUBaxwLARCqZmMjtF8a51J2Rb0xpVloFRnCODwqjpwnAoao4pelN8l3RJdv3gRQ==",
      "requires": {
        "ms": "2.1.2"
      }
    },
    "dot-case": {
      "version": "3.0.4",
      "resolved": "https://registry.npmjs.org/dot-case/-/dot-case-3.0.4.tgz",
      "integrity": "sha512-Kv5nKlh6yRrdrGvxeJ2e5y2eRUpkUosIW4A2AS38zwSz27zu7ufDwQPi5Jhs3XAlGNetl3bmnGhQsMtkKJnj3w==",
      "requires": {
        "no-case": "^3.0.4",
        "tslib": "^2.0.3"
      },
      "dependencies": {
        "tslib": {
          "version": "2.0.3",
          "resolved": "https://registry.npmjs.org/tslib/-/tslib-2.0.3.tgz",
          "integrity": "sha512-uZtkfKblCEQtZKBF6EBXVZeQNl82yqtDQdv+eck8u7tdPxjLu2/lp5/uPW+um2tpuxINHWy3GhiccY7QgEaVHQ=="
        }
      }
    },
    "errno": {
      "version": "0.1.8",
      "resolved": "https://registry.npmjs.org/errno/-/errno-0.1.8.tgz",
      "integrity": "sha512-dJ6oBr5SQ1VSd9qkk7ByRgb/1SH4JZjCHSW/mr63/QcXO9zLVxvJ6Oy13nio03rxpSnVDDjFor75SjVeZWPW/A==",
      "optional": true,
      "requires": {
        "prr": "~1.0.1"
      }
    },
    "graceful-fs": {
      "version": "4.2.4",
      "resolved": "https://registry.npmjs.org/graceful-fs/-/graceful-fs-4.2.4.tgz",
      "integrity": "sha512-WjKPNJF79dtJAVniUlGGWHYGz2jWxT6VhN/4m1NdkbZ2nOsEF+cI1Edgql5zCRhs/VsQYRvrXctxktVXZUkixw==",
      "optional": true
    },
    "he": {
      "version": "1.2.0",
      "resolved": "https://registry.npmjs.org/he/-/he-1.2.0.tgz",
      "integrity": "sha512-F/1DnUGPopORZi0ni+CvrCgHQ5FyEAHRLSApuYWMmrbSwoN2Mn/7k+Gl38gJnR7yyDZk6WLXwiGod1JOWNDKGw=="
    },
    "html-minifier-terser": {
      "version": "5.1.1",
      "resolved": "https://registry.npmjs.org/html-minifier-terser/-/html-minifier-terser-5.1.1.tgz",
      "integrity": "sha512-ZPr5MNObqnV/T9akshPKbVgyOqLmy+Bxo7juKCfTfnjNniTAMdy4hz21YQqoofMBJD2kdREaqPPdThoR78Tgxg==",
      "requires": {
        "camel-case": "^4.1.1",
        "clean-css": "^4.2.3",
        "commander": "^4.1.1",
        "he": "^1.2.0",
        "param-case": "^3.0.3",
        "relateurl": "^0.2.7",
        "terser": "^4.6.3"
      },
      "dependencies": {
        "terser": {
          "version": "4.8.0",
          "resolved": "https://registry.npmjs.org/terser/-/terser-4.8.0.tgz",
          "integrity": "sha512-EAPipTNeWsb/3wLPeup1tVPaXfIaU68xMnVdPafIL1TV05OhASArYyIfFvnvJCNrR2NIOvDVNNTFRa+Re2MWyw==",
          "requires": {
            "commander": "^2.20.0",
            "source-map": "~0.6.1",
            "source-map-support": "~0.5.12"
          },
          "dependencies": {
            "commander": {
              "version": "2.20.3",
              "resolved": "https://registry.npmjs.org/commander/-/commander-2.20.3.tgz",
              "integrity": "sha512-GpVkmM8vF2vQUkj2LvZmD35JxeJOLCwJ9cUkugyk2nuhbv3+mJvpLYYt+0+USMxE+oj+ey/lJEnhZw75x/OMcQ=="
            }
          }
        }
      }
    },
    "image-size": {
      "version": "0.5.5",
      "resolved": "https://registry.npmjs.org/image-size/-/image-size-0.5.5.tgz",
      "integrity": "sha1-Cd/Uq50g4p6xw+gLiZA3jfnjy5w=",
      "optional": true
    },
    "is-what": {
      "version": "3.12.0",
      "resolved": "https://registry.npmjs.org/is-what/-/is-what-3.12.0.tgz",
      "integrity": "sha512-2ilQz5/f/o9V7WRWJQmpFYNmQFZ9iM+OXRonZKcYgTkCzjb949Vi4h282PD1UfmgHk666rcWonbRJ++KI41VGw=="
    },
    "less": {
      "version": "3.13.1",
      "resolved": "https://registry.npmjs.org/less/-/less-3.13.1.tgz",
      "integrity": "sha512-SwA1aQXGUvp+P5XdZslUOhhLnClSLIjWvJhmd+Vgib5BFIr9lMNlQwmwUNOjXThF/A0x+MCYYPeWEfeWiLRnTw==",
      "requires": {
        "copy-anything": "^2.0.1",
        "errno": "^0.1.1",
        "graceful-fs": "^4.1.2",
        "image-size": "~0.5.0",
        "make-dir": "^2.1.0",
        "mime": "^1.4.1",
        "native-request": "^1.0.5",
        "source-map": "~0.6.0",
        "tslib": "^1.10.0"
      }
    },
    "lessc": {
      "version": "1.0.2",
      "resolved": "https://registry.npmjs.org/lessc/-/lessc-1.0.2.tgz",
      "integrity": "sha512-cv7EXQRiD3Cu2Vsy3S9C89G01kOv0TrLQMoWHxscCgkMYdhEvknhaINeQkZbPmUlJ87AEzjPm0y/14Cg9j7/ug==",
      "requires": {
        "less": "^3.9.0"
      }
    },
    "lower-case": {
      "version": "2.0.2",
      "resolved": "https://registry.npmjs.org/lower-case/-/lower-case-2.0.2.tgz",
      "integrity": "sha512-7fm3l3NAF9WfN6W3JOmf5drwpVqX78JtoGJ3A6W0a6ZnldM41w2fV5D490psKFTpMds8TJse/eHLFFsNHHjHgg==",
      "requires": {
        "tslib": "^2.0.3"
      },
      "dependencies": {
        "tslib": {
          "version": "2.0.3",
          "resolved": "https://registry.npmjs.org/tslib/-/tslib-2.0.3.tgz",
          "integrity": "sha512-uZtkfKblCEQtZKBF6EBXVZeQNl82yqtDQdv+eck8u7tdPxjLu2/lp5/uPW+um2tpuxINHWy3GhiccY7QgEaVHQ=="
        }
      }
    },
    "make-dir": {
      "version": "2.1.0",
      "resolved": "https://registry.npmjs.org/make-dir/-/make-dir-2.1.0.tgz",
      "integrity": "sha512-LS9X+dc8KLxXCb8dni79fLIIUA5VyZoyjSMCwTluaXA0o27cCK0bhXkpgw+sTXVpPy/lSO57ilRixqk0vDmtRA==",
      "optional": true,
      "requires": {
        "pify": "^4.0.1",
        "semver": "^5.6.0"
      }
    },
    "mime": {
      "version": "1.6.0",
      "resolved": "https://registry.npmjs.org/mime/-/mime-1.6.0.tgz",
      "integrity": "sha512-x0Vn8spI+wuJ1O6S7gnbaQg8Pxh4NNHb7KSINmEWKiPE4RKOplvijn+NkmYmmRgP68mc70j2EbeTFRsrswaQeg==",
      "optional": true
    },
    "minify": {
      "version": "6.0.1",
      "resolved": "https://registry.npmjs.org/minify/-/minify-6.0.1.tgz",
      "integrity": "sha512-JMG5VruvghXZ1VnPCffnpESUzrhNPTT/uNogew9CmPdd3zmohSEt8/HhPxpR7CiXnBYWExW2gGoagZxTy9rnLg==",
      "requires": {
        "clean-css": "^4.1.6",
        "css-b64-images": "~0.2.5",
        "debug": "^4.1.0",
        "html-minifier-terser": "^5.1.1",
        "terser": "^5.3.2",
        "try-to-catch": "^3.0.0"
      }
    },
    "ms": {
      "version": "2.1.2",
      "resolved": "https://registry.npmjs.org/ms/-/ms-2.1.2.tgz",
      "integrity": "sha512-sGkPx+VjMtmA6MX27oA4FBFELFCZZ4S4XqeGOXCv68tT+jb3vk/RyaKWP0PTKyWtmLSM0b+adUTEvbs1PEaH2w=="
    },
    "native-request": {
      "version": "1.0.8",
      "resolved": "https://registry.npmjs.org/native-request/-/native-request-1.0.8.tgz",
      "integrity": "sha512-vU2JojJVelUGp6jRcLwToPoWGxSx23z/0iX+I77J3Ht17rf2INGjrhOoQnjVo60nQd8wVsgzKkPfRXBiVdD2ag==",
      "optional": true
    },
    "no-case": {
      "version": "3.0.4",
      "resolved": "https://registry.npmjs.org/no-case/-/no-case-3.0.4.tgz",
      "integrity": "sha512-fgAN3jGAh+RoxUGZHTSOLJIqUc2wmoBwGR4tbpNAKmmovFoWq0OdRkb0VkldReO2a2iBT/OEulG9XSUc10r3zg==",
      "requires": {
        "lower-case": "^2.0.2",
        "tslib": "^2.0.3"
      },
      "dependencies": {
        "tslib": {
          "version": "2.0.3",
          "resolved": "https://registry.npmjs.org/tslib/-/tslib-2.0.3.tgz",
          "integrity": "sha512-uZtkfKblCEQtZKBF6EBXVZeQNl82yqtDQdv+eck8u7tdPxjLu2/lp5/uPW+um2tpuxINHWy3GhiccY7QgEaVHQ=="
        }
      }
    },
    "param-case": {
      "version": "3.0.4",
      "resolved": "https://registry.npmjs.org/param-case/-/param-case-3.0.4.tgz",
      "integrity": "sha512-RXlj7zCYokReqWpOPH9oYivUzLYZ5vAPIfEmCTNViosC78F8F0H9y7T7gG2M39ymgutxF5gcFEsyZQSph9Bp3A==",
      "requires": {
        "dot-case": "^3.0.4",
        "tslib": "^2.0.3"
      },
      "dependencies": {
        "tslib": {
          "version": "2.0.3",
          "resolved": "https://registry.npmjs.org/tslib/-/tslib-2.0.3.tgz",
          "integrity": "sha512-uZtkfKblCEQtZKBF6EBXVZeQNl82yqtDQdv+eck8u7tdPxjLu2/lp5/uPW+um2tpuxINHWy3GhiccY7QgEaVHQ=="
        }
      }
    },
    "pascal-case": {
      "version": "3.1.2",
      "resolved": "https://registry.npmjs.org/pascal-case/-/pascal-case-3.1.2.tgz",
      "integrity": "sha512-uWlGT3YSnK9x3BQJaOdcZwrnV6hPpd8jFH1/ucpiLRPh/2zCVJKS19E4GvYHvaCcACn3foXZ0cLB9Wrx1KGe5g==",
      "requires": {
        "no-case": "^3.0.4",
        "tslib": "^2.0.3"
      },
      "dependencies": {
        "tslib": {
          "version": "2.0.3",
          "resolved": "https://registry.npmjs.org/tslib/-/tslib-2.0.3.tgz",
          "integrity": "sha512-uZtkfKblCEQtZKBF6EBXVZeQNl82yqtDQdv+eck8u7tdPxjLu2/lp5/uPW+um2tpuxINHWy3GhiccY7QgEaVHQ=="
        }
      }
    },
    "pify": {
      "version": "4.0.1",
      "resolved": "https://registry.npmjs.org/pify/-/pify-4.0.1.tgz",
      "integrity": "sha512-uB80kBFb/tfd68bVleG9T5GGsGPjJrLAUpR5PZIrhBnIaRTQRjqdJSsIKkOP6OAIFbj7GOrcudc5pNjZ+geV2g==",
      "optional": true
    },
    "prr": {
      "version": "1.0.1",
      "resolved": "https://registry.npmjs.org/prr/-/prr-1.0.1.tgz",
      "integrity": "sha1-0/wRS6BplaRexok/SEzrHXj19HY=",
      "optional": true
    },
    "relateurl": {
      "version": "0.2.7",
      "resolved": "https://registry.npmjs.org/relateurl/-/relateurl-0.2.7.tgz",
      "integrity": "sha1-VNvzd+UUQKypCkzSdGANP/LYiKk="
    },
    "semver": {
      "version": "5.7.1",
      "resolved": "https://registry.npmjs.org/semver/-/semver-5.7.1.tgz",
      "integrity": "sha512-sauaDf/PZdVgrLTNYHRtpXa1iRiKcaebiKQ1BJdpQlWH2lCvexQdX55snPFyK7QzpudqbCI0qXFfOasHdyNDGQ==",
      "optional": true
    },
    "source-map": {
      "version": "0.6.1",
      "resolved": "https://registry.npmjs.org/source-map/-/source-map-0.6.1.tgz",
      "integrity": "sha512-UjgapumWlbMhkBgzT7Ykc5YXUT46F0iKu8SGXq0bcwP5dz/h0Plj6enJqjz1Zbq2l5WaqYnrVbwWOWMyF3F47g=="
    },
    "source-map-support": {
      "version": "0.5.19",
      "resolved": "https://registry.npmjs.org/source-map-support/-/source-map-support-0.5.19.tgz",
      "integrity": "sha512-Wonm7zOCIJzBGQdB+thsPar0kYuCIzYvxZwlBa87yi/Mdjv7Tip2cyVbLj5o0cFPN4EVkuTwb3GDDyUx2DGnGw==",
      "requires": {
        "buffer-from": "^1.0.0",
        "source-map": "^0.6.0"
      }
    },
    "terser": {
      "version": "5.5.1",
      "resolved": "https://registry.npmjs.org/terser/-/terser-5.5.1.tgz",
      "integrity": "sha512-6VGWZNVP2KTUcltUQJ25TtNjx/XgdDsBDKGt8nN0MpydU36LmbPPcMBd2kmtZNNGVVDLg44k7GKeHHj+4zPIBQ==",
      "requires": {
        "commander": "^2.20.0",
        "source-map": "~0.7.2",
        "source-map-support": "~0.5.19"
      },
      "dependencies": {
        "commander": {
          "version": "2.20.3",
          "resolved": "https://registry.npmjs.org/commander/-/commander-2.20.3.tgz",
          "integrity": "sha512-GpVkmM8vF2vQUkj2LvZmD35JxeJOLCwJ9cUkugyk2nuhbv3+mJvpLYYt+0+USMxE+oj+ey/lJEnhZw75x/OMcQ=="
        },
        "source-map": {
          "version": "0.7.3",
          "resolved": "https://registry.npmjs.org/source-map/-/source-map-0.7.3.tgz",
          "integrity": "sha512-CkCj6giN3S+n9qrYiBTX5gystlENnRW5jZeNLHpe6aue+SrHcG5VYwujhW9s4dY31mEGsxBDrHR6oI69fTXsaQ=="
        }
      }
    },
    "try-to-catch": {
      "version": "3.0.0",
      "resolved": "https://registry.npmjs.org/try-to-catch/-/try-to-catch-3.0.0.tgz",
      "integrity": "sha512-eIm6ZXwR35jVF8By/HdbbkcaCDTBI5PpCPkejRKrYp0jyf/DbCCcRhHD7/O9jtFI3ewsqo9WctFEiJTS6i+CQA=="
    },
    "tslib": {
      "version": "1.14.1",
      "resolved": "https://registry.npmjs.org/tslib/-/tslib-1.14.1.tgz",
      "integrity": "sha512-Xni35NKzjgMrwevysHTCArtLDpPvye8zV/0E4EyYn43P7/7qvQwPh9BGkHewbMulVntbigmcT7rdX3BNo9wRJg=="
    }
  }
}
